// !$*UTF8*$!
{
	archiveVersion = 1;
	classes = {
	};
	objectVersion = 46;
	objects = {

/* Begin PBXBuildFile section */
		AA2484A71C2E996E00444B90 /* SudokuHeadContentNode.m in Sources */ = {isa = PBXBuildFile; fileRef = AA2484A61C2E996E00444B90 /* SudokuHeadContentNode.m */; };
		AA2484AA1C2E9C5800444B90 /* SudokuButton.m in Sources */ = {isa = PBXBuildFile; fileRef = AA2484A91C2E9C5800444B90 /* SudokuButton.m */; };
		AA2EC0CA1C31A54D0073F7C5 /* SudokuFootContentNode.m in Sources */ = {isa = PBXBuildFile; fileRef = AA2EC0C91C31A54D0073F7C5 /* SudokuFootContentNode.m */; };
		AA3663D91C0E86AC00F9513C /* Game.atlas in Resources */ = {isa = PBXBuildFile; fileRef = AA3663D81C0E86AC00F9513C /* Game.atlas */; };
		AA5B41D61C0090A1002B6730 /* Presenter.mm in Sources */ = {isa = PBXBuildFile; fileRef = AA5B41D51C0090A1002B6730 /* Presenter.mm */; };
		AA5D272D1C2702910069C7DC /* SudokuBodyContentNode.m in Sources */ = {isa = PBXBuildFile; fileRef = AA5D272C1C2702900069C7DC /* SudokuBodyContentNode.m */; };
		AA6924BA1BFA3EE8006CED46 /* main.m in Sources */ = {isa = PBXBuildFile; fileRef = AA6924B91BFA3EE8006CED46 /* main.m */; };
		AA6924BD1BFA3EE8006CED46 /* AppDelegate.m in Sources */ = {isa = PBXBuildFile; fileRef = AA6924BC1BFA3EE8006CED46 /* AppDelegate.m */; };
		AA6924C01BFA3EE8006CED46 /* GameScene.m in Sources */ = {isa = PBXBuildFile; fileRef = AA6924BF1BFA3EE8006CED46 /* GameScene.m */; };
		AA6924C51BFA3EE8006CED46 /* GameViewController.m in Sources */ = {isa = PBXBuildFile; fileRef = AA6924C41BFA3EE8006CED46 /* GameViewController.m */; };
		AA6924C81BFA3EE8006CED46 /* Main.storyboard in Resources */ = {isa = PBXBuildFile; fileRef = AA6924C61BFA3EE8006CED46 /* Main.storyboard */; };
		AA6924CA1BFA3EE8006CED46 /* Assets.xcassets in Resources */ = {isa = PBXBuildFile; fileRef = AA6924C91BFA3EE8006CED46 /* Assets.xcassets */; };
		AA6924CD1BFA3EE8006CED46 /* LaunchScreen.storyboard in Resources */ = {isa = PBXBuildFile; fileRef = AA6924CB1BFA3EE8006CED46 /* LaunchScreen.storyboard */; };
		AA6924D71BFA40BC006CED46 /* Algorithm.mm in Sources */ = {isa = PBXBuildFile; fileRef = AA6924D61BFA40BC006CED46 /* Algorithm.mm */; };
		AACE95701C1DCB6200DC15E8 /* SudokuCubeNode.m in Sources */ = {isa = PBXBuildFile; fileRef = AACE956F1C1DCB6200DC15E8 /* SudokuCubeNode.m */; };
		AAE3C3861C192E9900FF500F /* Localizable.strings in Resources */ = {isa = PBXBuildFile; fileRef = AAE3C3881C192E9900FF500F /* Localizable.strings */; };
		AAE3C3941C198B2100FF500F /* shader_game_scene_background.fsh in Resources */ = {isa = PBXBuildFile; fileRef = AAE3C3931C198B2100FF500F /* shader_game_scene_background.fsh */; };
/* End PBXBuildFile section */

/* Begin PBXFileReference section */
		AA1DA8681C1BB5C200638151 /* SudokuPrefix.pch */ = {isa = PBXFileReference; fileEncoding = 4; lastKnownFileType = sourcecode.c.h; path = SudokuPrefix.pch; sourceTree = "<group>"; };
		AA1DA8691C1C25CD00638151 /* sample.jpg */ = {isa = PBXFileReference; lastKnownFileType = image.jpeg; path = sample.jpg; sourceTree = "<group>"; };
		AA2484A51C2E996E00444B90 /* SudokuHeadContentNode.h */ = {isa = PBXFileReference; fileEncoding = 4; lastKnownFileType = sourcecode.c.h; path = SudokuHeadContentNode.h; sourceTree = "<group>"; };
		AA2484A61C2E996E00444B90 /* SudokuHeadContentNode.m */ = {isa = PBXFileReference; fileEncoding = 4; lastKnownFileType = sourcecode.c.objc; path = SudokuHeadContentNode.m; sourceTree = "<group>"; };
		AA2484A81C2E9C5800444B90 /* SudokuButton.h */ = {isa = PBXFileReference; fileEncoding = 4; lastKnownFileType = sourcecode.c.h; path = SudokuButton.h; sourceTree = "<group>"; };
		AA2484A91C2E9C5800444B90 /* SudokuButton.m */ = {isa = PBXFileReference; fileEncoding = 4; lastKnownFileType = sourcecode.c.objc; path = SudokuButton.m; sourceTree = "<group>"; };
		AA2EC0C81C31A54D0073F7C5 /* SudokuFootContentNode.h */ = {isa = PBXFileReference; fileEncoding = 4; lastKnownFileType = sourcecode.c.h; path = SudokuFootContentNode.h; sourceTree = "<group>"; };
		AA2EC0C91C31A54D0073F7C5 /* SudokuFootContentNode.m */ = {isa = PBXFileReference; fileEncoding = 4; lastKnownFileType = sourcecode.c.objc; path = SudokuFootContentNode.m; sourceTree = "<group>"; };
		AA3663D81C0E86AC00F9513C /* Game.atlas */ = {isa = PBXFileReference; lastKnownFileType = folder.skatlas; path = Game.atlas; sourceTree = "<group>"; };
		AA5B41D41C0090A1002B6730 /* Presenter.h */ = {isa = PBXFileReference; fileEncoding = 4; lastKnownFileType = sourcecode.c.h; path = Presenter.h; sourceTree = "<group>"; };
		AA5B41D51C0090A1002B6730 /* Presenter.mm */ = {isa = PBXFileReference; fileEncoding = 4; lastKnownFileType = sourcecode.cpp.objcpp; path = Presenter.mm; sourceTree = "<group>"; };
		AA5B41D71C0093D4002B6730 /* readme.h */ = {isa = PBXFileReference; lastKnownFileType = sourcecode.c.h; path = readme.h; sourceTree = "<group>"; };
		AA5D272B1C2702900069C7DC /* SudokuBodyContentNode.h */ = {isa = PBXFileReference; fileEncoding = 4; lastKnownFileType = sourcecode.c.h; path = SudokuBodyContentNode.h; sourceTree = "<group>"; };
		AA5D272C1C2702900069C7DC /* SudokuBodyContentNode.m */ = {isa = PBXFileReference; fileEncoding = 4; lastKnownFileType = sourcecode.c.objc; path = SudokuBodyContentNode.m; sourceTree = "<group>"; };
		AA6924B51BFA3EE8006CED46 /* sudoku.app */ = {isa = PBXFileReference; explicitFileType = wrapper.application; includeInIndex = 0; path = sudoku.app; sourceTree = BUILT_PRODUCTS_DIR; };
		AA6924B91BFA3EE8006CED46 /* main.m */ = {isa = PBXFileReference; lastKnownFileType = sourcecode.c.objc; path = main.m; sourceTree = "<group>"; };
		AA6924BB1BFA3EE8006CED46 /* AppDelegate.h */ = {isa = PBXFileReference; lastKnownFileType = sourcecode.c.h; path = AppDelegate.h; sourceTree = "<group>"; };
		AA6924BC1BFA3EE8006CED46 /* AppDelegate.m */ = {isa = PBXFileReference; lastKnownFileType = sourcecode.c.objc; path = AppDelegate.m; sourceTree = "<group>"; };
		AA6924BE1BFA3EE8006CED46 /* GameScene.h */ = {isa = PBXFileReference; lastKnownFileType = sourcecode.c.h; path = GameScene.h; sourceTree = "<group>"; };
		AA6924BF1BFA3EE8006CED46 /* GameScene.m */ = {isa = PBXFileReference; lastKnownFileType = sourcecode.c.objc; path = GameScene.m; sourceTree = "<group>"; };
		AA6924C31BFA3EE8006CED46 /* GameViewController.h */ = {isa = PBXFileReference; lastKnownFileType = sourcecode.c.h; path = GameViewController.h; sourceTree = "<group>"; };
		AA6924C41BFA3EE8006CED46 /* GameViewController.m */ = {isa = PBXFileReference; lastKnownFileType = sourcecode.c.objc; path = GameViewController.m; sourceTree = "<group>"; };
		AA6924C71BFA3EE8006CED46 /* Base */ = {isa = PBXFileReference; lastKnownFileType = file.storyboard; name = Base; path = Base.lproj/Main.storyboard; sourceTree = "<group>"; };
		AA6924C91BFA3EE8006CED46 /* Assets.xcassets */ = {isa = PBXFileReference; lastKnownFileType = folder.assetcatalog; path = Assets.xcassets; sourceTree = "<group>"; };
		AA6924CC1BFA3EE8006CED46 /* Base */ = {isa = PBXFileReference; lastKnownFileType = file.storyboard; name = Base; path = Base.lproj/LaunchScreen.storyboard; sourceTree = "<group>"; };
		AA6924CE1BFA3EE8006CED46 /* Info.plist */ = {isa = PBXFileReference; lastKnownFileType = text.plist.xml; path = Info.plist; sourceTree = "<group>"; };
		AA6924D61BFA40BC006CED46 /* Algorithm.mm */ = {isa = PBXFileReference; fileEncoding = 4; lastKnownFileType = sourcecode.cpp.objcpp; path = Algorithm.mm; sourceTree = "<group>"; };
		AACE956E1C1DCB6200DC15E8 /* SudokuCubeNode.h */ = {isa = PBXFileReference; fileEncoding = 4; lastKnownFileType = sourcecode.c.h; path = SudokuCubeNode.h; sourceTree = "<group>"; };
		AACE956F1C1DCB6200DC15E8 /* SudokuCubeNode.m */ = {isa = PBXFileReference; fileEncoding = 4; lastKnownFileType = sourcecode.c.objc; path = SudokuCubeNode.m; sourceTree = "<group>"; };
		AAE3C37E1C192C6E00FF500F /* zh-Hans */ = {isa = PBXFileReference; lastKnownFileType = text.plist.strings; name = "zh-Hans"; path = "zh-Hans.lproj/Main.strings"; sourceTree = "<group>"; };
		AAE3C37F1C192C6E00FF500F /* zh-Hans */ = {isa = PBXFileReference; lastKnownFileType = text.plist.strings; name = "zh-Hans"; path = "zh-Hans.lproj/LaunchScreen.strings"; sourceTree = "<group>"; };
		AAE3C3811C192C8D00FF500F /* en */ = {isa = PBXFileReference; lastKnownFileType = text.plist.strings; name = en; path = en.lproj/LaunchScreen.strings; sourceTree = "<group>"; };
		AAE3C3831C192C9C00FF500F /* en */ = {isa = PBXFileReference; lastKnownFileType = text.plist.strings; name = en; path = en.lproj/Main.strings; sourceTree = "<group>"; };
		AAE3C3871C192E9900FF500F /* Base */ = {isa = PBXFileReference; lastKnownFileType = text.plist.strings; name = Base; path = Base.lproj/Localizable.strings; sourceTree = "<group>"; };
		AAE3C3891C192E9A00FF500F /* en */ = {isa = PBXFileReference; lastKnownFileType = text.plist.strings; name = en; path = en.lproj/Localizable.strings; sourceTree = "<group>"; };
		AAE3C38A1C192E9B00FF500F /* zh-Hans */ = {isa = PBXFileReference; lastKnownFileType = text.plist.strings; name = "zh-Hans"; path = "zh-Hans.lproj/Localizable.strings"; sourceTree = "<group>"; };
		AAE3C3931C198B2100FF500F /* shader_game_scene_background.fsh */ = {isa = PBXFileReference; fileEncoding = 4; lastKnownFileType = sourcecode.glsl; path = shader_game_scene_background.fsh; sourceTree = "<group>"; };
		AAE4548E1BFFAE630089D442 /* Algorithm.h */ = {isa = PBXFileReference; lastKnownFileType = sourcecode.c.h; path = Algorithm.h; sourceTree = "<group>"; };
/* End PBXFileReference section */

/* Begin PBXFrameworksBuildPhase section */
		AA6924B21BFA3EE8006CED46 /* Frameworks */ = {
			isa = PBXFrameworksBuildPhase;
			buildActionMask = 2147483647;
			files = (
			);
			runOnlyForDeploymentPostprocessing = 0;
		};
/* End PBXFrameworksBuildPhase section */

/* Begin PBXGroup section */
		AA6924AC1BFA3EE8006CED46 = {
			isa = PBXGroup;
			children = (
				AA6924B71BFA3EE8006CED46 /* sudoku */,
				AA6924B61BFA3EE8006CED46 /* Products */,
			);
			sourceTree = "<group>";
		};
		AA6924B61BFA3EE8006CED46 /* Products */ = {
			isa = PBXGroup;
			children = (
				AA6924B51BFA3EE8006CED46 /* sudoku.app */,
			);
			name = Products;
			sourceTree = "<group>";
		};
		AA6924B71BFA3EE8006CED46 /* sudoku */ = {
			isa = PBXGroup;
			children = (
				AAE4548E1BFFAE630089D442 /* Algorithm.h */,
				AA6924D61BFA40BC006CED46 /* Algorithm.mm */,
				AA2484A81C2E9C5800444B90 /* SudokuButton.h */,
				AA2484A91C2E9C5800444B90 /* SudokuButton.m */,
				AA5B41D41C0090A1002B6730 /* Presenter.h */,
				AA5B41D51C0090A1002B6730 /* Presenter.mm */,
				AA2484A51C2E996E00444B90 /* SudokuHeadContentNode.h */,
				AA2484A61C2E996E00444B90 /* SudokuHeadContentNode.m */,
				AACE956E1C1DCB6200DC15E8 /* SudokuCubeNode.h */,
				AACE956F1C1DCB6200DC15E8 /* SudokuCubeNode.m */,
				AA5D272B1C2702900069C7DC /* SudokuBodyContentNode.h */,
				AA5D272C1C2702900069C7DC /* SudokuBodyContentNode.m */,
				AA2EC0C81C31A54D0073F7C5 /* SudokuFootContentNode.h */,
				AA2EC0C91C31A54D0073F7C5 /* SudokuFootContentNode.m */,
				AA6924BE1BFA3EE8006CED46 /* GameScene.h */,
				AA6924BF1BFA3EE8006CED46 /* GameScene.m */,
				AA6924C31BFA3EE8006CED46 /* GameViewController.h */,
				AA6924C41BFA3EE8006CED46 /* GameViewController.m */,
				AAE3C3931C198B2100FF500F /* shader_game_scene_background.fsh */,
				AAE3C3881C192E9900FF500F /* Localizable.strings */,
				AA6924C61BFA3EE8006CED46 /* Main.storyboard */,
				AA6924C91BFA3EE8006CED46 /* Assets.xcassets */,
				AA6924CB1BFA3EE8006CED46 /* LaunchScreen.storyboard */,
				AA1DA8681C1BB5C200638151 /* SudokuPrefix.pch */,
				AA6924CE1BFA3EE8006CED46 /* Info.plist */,
				AA6924BB1BFA3EE8006CED46 /* AppDelegate.h */,
				AA6924BC1BFA3EE8006CED46 /* AppDelegate.m */,
				AA3663D81C0E86AC00F9513C /* Game.atlas */,
				AA6924B81BFA3EE8006CED46 /* Supporting Files */,
			);
			path = sudoku;
			sourceTree = "<group>";
		};
		AA6924B81BFA3EE8006CED46 /* Supporting Files */ = {
			isa = PBXGroup;
			children = (
				AA1DA8691C1C25CD00638151 /* sample.jpg */,
				AA5B41D71C0093D4002B6730 /* readme.h */,
				AA6924B91BFA3EE8006CED46 /* main.m */,
			);
			name = "Supporting Files";
			sourceTree = "<group>";
		};
/* End PBXGroup section */

/* Begin PBXNativeTarget section */
		AA6924B41BFA3EE8006CED46 /* sudoku */ = {
			isa = PBXNativeTarget;
			buildConfigurationList = AA6924D11BFA3EE8006CED46 /* Build configuration list for PBXNativeTarget "sudoku" */;
			buildPhases = (
				AA6924B11BFA3EE8006CED46 /* Sources */,
				AA6924B21BFA3EE8006CED46 /* Frameworks */,
				AA6924B31BFA3EE8006CED46 /* Resources */,
			);
			buildRules = (
			);
			dependencies = (
			);
			name = sudoku;
			productName = sudoku;
			productReference = AA6924B51BFA3EE8006CED46 /* sudoku.app */;
			productType = "com.apple.product-type.application";
		};
/* End PBXNativeTarget section */

/* Begin PBXProject section */
		AA6924AD1BFA3EE8006CED46 /* Project object */ = {
			isa = PBXProject;
			attributes = {
				LastUpgradeCheck = 0710;
				ORGANIZATIONNAME = "Peng Wang";
				TargetAttributes = {
					AA6924B41BFA3EE8006CED46 = {
						CreatedOnToolsVersion = 7.1.1;
					};
				};
			};
			buildConfigurationList = AA6924B01BFA3EE8006CED46 /* Build configuration list for PBXProject "sudoku" */;
			compatibilityVersion = "Xcode 3.2";
			developmentRegion = English;
			hasScannedForEncodings = 0;
			knownRegions = (
				en,
				Base,
				"zh-Hans",
			);
			mainGroup = AA6924AC1BFA3EE8006CED46;
			productRefGroup = AA6924B61BFA3EE8006CED46 /* Products */;
			projectDirPath = "";
			projectRoot = "";
			targets = (
				AA6924B41BFA3EE8006CED46 /* sudoku */,
			);
		};
/* End PBXProject section */

/* Begin PBXResourcesBuildPhase section */
		AA6924B31BFA3EE8006CED46 /* Resources */ = {
			isa = PBXResourcesBuildPhase;
			buildActionMask = 2147483647;
			files = (
				AAE3C3941C198B2100FF500F /* shader_game_scene_background.fsh in Resources */,
				AAE3C3861C192E9900FF500F /* Localizable.strings in Resources */,
				AA3663D91C0E86AC00F9513C /* Game.atlas in Resources */,
				AA6924CD1BFA3EE8006CED46 /* LaunchScreen.storyboard in Resources */,
				AA6924CA1BFA3EE8006CED46 /* Assets.xcassets in Resources */,
				AA6924C81BFA3EE8006CED46 /* Main.storyboard in Resources */,
			);
			runOnlyForDeploymentPostprocessing = 0;
		};
/* End PBXResourcesBuildPhase section */

/* Begin PBXSourcesBuildPhase section */
		AA6924B11BFA3EE8006CED46 /* Sources */ = {
			isa = PBXSourcesBuildPhase;
			buildActionMask = 2147483647;
			files = (
				AA2EC0CA1C31A54D0073F7C5 /* SudokuFootContentNode.m in Sources */,
				AA6924C51BFA3EE8006CED46 /* GameViewController.m in Sources */,
				AA6924BD1BFA3EE8006CED46 /* AppDelegate.m in Sources */,
				AA2484A71C2E996E00444B90 /* SudokuHeadContentNode.m in Sources */,
				AA5D272D1C2702910069C7DC /* SudokuBodyContentNode.m in Sources */,
				AA2484AA1C2E9C5800444B90 /* SudokuButton.m in Sources */,
				AACE95701C1DCB6200DC15E8 /* SudokuCubeNode.m in Sources */,
				AA5B41D61C0090A1002B6730 /* Presenter.mm in Sources */,
				AA6924D71BFA40BC006CED46 /* Algorithm.mm in Sources */,
				AA6924C01BFA3EE8006CED46 /* GameScene.m in Sources */,
				AA6924BA1BFA3EE8006CED46 /* main.m in Sources */,
			);
			runOnlyForDeploymentPostprocessing = 0;
		};
/* End PBXSourcesBuildPhase section */

/* Begin PBXVariantGroup section */
		AA6924C61BFA3EE8006CED46 /* Main.storyboard */ = {
			isa = PBXVariantGroup;
			children = (
				AA6924C71BFA3EE8006CED46 /* Base */,
				AAE3C37E1C192C6E00FF500F /* zh-Hans */,
				AAE3C3831C192C9C00FF500F /* en */,
			);
			name = Main.storyboard;
			sourceTree = "<group>";
		};
		AA6924CB1BFA3EE8006CED46 /* LaunchScreen.storyboard */ = {
			isa = PBXVariantGroup;
			children = (
				AA6924CC1BFA3EE8006CED46 /* Base */,
				AAE3C37F1C192C6E00FF500F /* zh-Hans */,
				AAE3C3811C192C8D00FF500F /* en */,
			);
			name = LaunchScreen.storyboard;
			sourceTree = "<group>";
		};
		AAE3C3881C192E9900FF500F /* Localizable.strings */ = {
			isa = PBXVariantGroup;
			children = (
				AAE3C3871C192E9900FF500F /* Base */,
				AAE3C3891C192E9A00FF500F /* en */,
				AAE3C38A1C192E9B00FF500F /* zh-Hans */,
			);
			name = Localizable.strings;
			sourceTree = "<group>";
		};
/* End PBXVariantGroup section */

/* Begin XCBuildConfiguration section */
		AA6924CF1BFA3EE8006CED46 /* Debug */ = {
			isa = XCBuildConfiguration;
			buildSettings = {
				ALWAYS_SEARCH_USER_PATHS = NO;
				CLANG_CXX_LANGUAGE_STANDARD = "gnu++0x";
				CLANG_CXX_LIBRARY = "libc++";
				CLANG_ENABLE_MODULES = YES;
				CLANG_ENABLE_OBJC_ARC = YES;
				CLANG_WARN_BOOL_CONVERSION = YES;
				CLANG_WARN_CONSTANT_CONVERSION = YES;
				CLANG_WARN_DIRECT_OBJC_ISA_USAGE = YES_ERROR;
				CLANG_WARN_EMPTY_BODY = YES;
				CLANG_WARN_ENUM_CONVERSION = YES;
				CLANG_WARN_INT_CONVERSION = YES;
				CLANG_WARN_OBJC_ROOT_CLASS = YES_ERROR;
				CLANG_WARN_UNREACHABLE_CODE = YES;
				CLANG_WARN__DUPLICATE_METHOD_MATCH = YES;
				"CODE_SIGN_IDENTITY[sdk=iphoneos*]" = "iPhone Developer";
				COPY_PHASE_STRIP = NO;
				DEBUG_INFORMATION_FORMAT = "dwarf-with-dsym";
				ENABLE_STRICT_OBJC_MSGSEND = YES;
				ENABLE_TESTABILITY = YES;
				GCC_C_LANGUAGE_STANDARD = gnu99;
				GCC_DYNAMIC_NO_PIC = NO;
				GCC_NO_COMMON_BLOCKS = YES;
				GCC_OPTIMIZATION_LEVEL = 0;
				GCC_PREPROCESSOR_DEFINITIONS = (
					"DEBUG=1",
					"$(inherited)",
				);
				GCC_WARN_64_TO_32_BIT_CONVERSION = YES;
				GCC_WARN_ABOUT_RETURN_TYPE = YES_ERROR;
				GCC_WARN_UNDECLARED_SELECTOR = YES;
				GCC_WARN_UNINITIALIZED_AUTOS = YES_AGGRESSIVE;
				GCC_WARN_UNUSED_FUNCTION = YES;
				GCC_WARN_UNUSED_VARIABLE = YES;
				IPHONEOS_DEPLOYMENT_TARGET = 8.0;
				MTL_ENABLE_DEBUG_INFO = YES;
				ONLY_ACTIVE_ARCH = YES;
				SDKROOT = iphoneos;
				TARGETED_DEVICE_FAMILY = "1,2";
			};
			name = Debug;
		};
		AA6924D01BFA3EE8006CED46 /* Release */ = {
			isa = XCBuildConfiguration;
			buildSettings = {
				ALWAYS_SEARCH_USER_PATHS = NO;
				CLANG_CXX_LANGUAGE_STANDARD = "gnu++0x";
				CLANG_CXX_LIBRARY = "libc++";
				CLANG_ENABLE_MODULES = YES;
				CLANG_ENABLE_OBJC_ARC = YES;
				CLANG_WARN_BOOL_CONVERSION = YES;
				CLANG_WARN_CONSTANT_CONVERSION = YES;
				CLANG_WARN_DIRECT_OBJC_ISA_USAGE = YES_ERROR;
				CLANG_WARN_EMPTY_BODY = YES;
				CLANG_WARN_ENUM_CONVERSION = YES;
				CLANG_WARN_INT_CONVERSION = YES;
				CLANG_WARN_OBJC_ROOT_CLASS = YES_ERROR;
				CLANG_WARN_UNREACHABLE_CODE = YES;
				CLANG_WARN__DUPLICATE_METHOD_MATCH = YES;
				"CODE_SIGN_IDENTITY[sdk=iphoneos*]" = "iPhone Developer";
				COPY_PHASE_STRIP = NO;
				DEBUG_INFORMATION_FORMAT = "dwarf-with-dsym";
				ENABLE_NS_ASSERTIONS = NO;
				ENABLE_STRICT_OBJC_MSGSEND = YES;
				GCC_C_LANGUAGE_STANDARD = gnu99;
				GCC_NO_COMMON_BLOCKS = YES;
				GCC_WARN_64_TO_32_BIT_CONVERSION = YES;
				GCC_WARN_ABOUT_RETURN_TYPE = YES_ERROR;
				GCC_WARN_UNDECLARED_SELECTOR = YES;
				GCC_WARN_UNINITIALIZED_AUTOS = YES_AGGRESSIVE;
				GCC_WARN_UNUSED_FUNCTION = YES;
				GCC_WARN_UNUSED_VARIABLE = YES;
				IPHONEOS_DEPLOYMENT_TARGET = 8.0;
				MTL_ENABLE_DEBUG_INFO = NO;
				SDKROOT = iphoneos;
				TARGETED_DEVICE_FAMILY = "1,2";
				VALIDATE_PRODUCT = YES;
			};
			name = Release;
		};
		AA6924D21BFA3EE8006CED46 /* Debug */ = {
			isa = XCBuildConfiguration;
			buildSettings = {
				ASSETCATALOG_COMPILER_APPICON_NAME = AppIcon;
				GCC_PREFIX_HEADER = sudoku/SudokuPrefix.pch;
				INFOPLIST_FILE = sudoku/Info.plist;
				LD_RUNPATH_SEARCH_PATHS = "$(inherited) @executable_path/Frameworks";
				PRODUCT_BUNDLE_IDENTIFIER = com.hspjsoft.sudoku;
				PRODUCT_NAME = "$(TARGET_NAME)";
			};
			name = Debug;
		};
		AA6924D31BFA3EE8006CED46 /* Release */ = {
			isa = XCBuildConfiguration;
			buildSettings = {
				ASSETCATALOG_COMPILER_APPICON_NAME = AppIcon;
				GCC_PREFIX_HEADER = sudoku/SudokuPrefix.pch;
				INFOPLIST_FILE = sudoku/Info.plist;
				LD_RUNPATH_SEARCH_PATHS = "$(inherited) @executable_path/Frameworks";
				PRODUCT_BUNDLE_IDENTIFIER = com.hspjsoft.sudoku;
				PRODUCT_NAME = "$(TARGET_NAME)";
			};
			name = Release;
		};
/* End XCBuildConfiguration section */

/* Begin XCConfigurationList section */
		AA6924B01BFA3EE8006CED46 /* Build configuration list for PBXProject "sudoku" */ = {
			isa = XCConfigurationList;
			buildConfigurations = (
				AA6924CF1BFA3EE8006CED46 /* Debug */,
				AA6924D01BFA3EE8006CED46 /* Release */,
			);
			defaultConfigurationIsVisible = 0;
			defaultConfigurationName = Release;
		};
		AA6924D11BFA3EE8006CED46 /* Build configuration list for PBXNativeTarget "sudoku" */ = {
			isa = XCConfigurationList;
			buildConfigurations = (
				AA6924D21BFA3EE8006CED46 /* Debug */,
				AA6924D31BFA3EE8006CED46 /* Release */,
			);
			defaultConfigurationIsVisible = 0;
			defaultConfigurationName = Release;
		};
/* End XCConfigurationList section */
	};
	rootObject = AA6924AD1BFA3EE8006CED46 /* Project object */;
}
